
Microsoft Visual Studio Solution File, Format Version 12.00
Project("{FAE04EC0-301F-11D3-BF4B-00C04F79EFBC}") = "WinAVFS.Core", "WinAVFS.Core\WinAVFS.Core.csproj", "{0FEB6B9C-FD58-4F32-B704-F1A85F967340}"
EndProject
Global
	GlobalSection(SolutionConfigurationPlatforms) = preSolution
		Debug|Any CPU = Debug|Any CPU
		Release|Any CPU = Release|Any CPU
	EndGlobalSection
	GlobalSection(ProjectConfigurationPlatforms) = postSolution
		{0FEB6B9C-FD58-4F32-B704-F1A85F967340}.Debug|Any CPU.ActiveCfg = Debug|Any CPU
		{0FEB6B9C-FD58-4F32-B704-F1A85F967340}.Debug|Any CPU.Build.0 = Debug|Any CPU
		{0FEB6B9C-FD58-4F32-B704-F1A85F967340}.Release|Any CPU.ActiveCfg = Release|Any CPU
		{0FEB6B9C-FD58-4F32-B704-F1A85F967340}.Release|Any CPU.Build.0 = Release|Any CPU
	EndGlobalSection
EndGlobal
