
Microsoft Visual Studio Solution File, Format Version 12.00
Project("{FAE04EC0-301F-11D3-BF4B-00C04F79EFBC}") = "WinAVFS.Core", "WinAVFS.Core\WinAVFS.Core.csproj", "{0FEB6B9C-FD58-4F32-B704-F1A85F967340}"
EndProject
Project("{FAE04EC0-301F-11D3-BF4B-00C04F79EFBC}") = "WinAVFS.CLI", "WinAVFS.CLI\WinAVFS.CLI.csproj", "{0769F9F7-0BC5-4A7C-A8DC-BAD02D4C8E6B}"
EndProject
Global
	GlobalSection(SolutionConfigurationPlatforms) = preSolution
		Release|x64 = Release|x64
		Debug|x64 = Debug|x64
	EndGlobalSection
	GlobalSection(ProjectConfigurationPlatforms) = postSolution
		{0769F9F7-0BC5-4A7C-A8DC-BAD02D4C8E6B}.Release|x64.ActiveCfg = Release|x64
		{0769F9F7-0BC5-4A7C-A8DC-BAD02D4C8E6B}.Release|x64.Build.0 = Release|x64
		{0769F9F7-0BC5-4A7C-A8DC-BAD02D4C8E6B}.Debug|x64.ActiveCfg = Debug|x64
		{0769F9F7-0BC5-4A7C-A8DC-BAD02D4C8E6B}.Debug|x64.Build.0 = Debug|x64
		{0FEB6B9C-FD58-4F32-B704-F1A85F967340}.Release|x64.ActiveCfg = Release|x64
		{0FEB6B9C-FD58-4F32-B704-F1A85F967340}.Release|x64.Build.0 = Release|x64
		{0FEB6B9C-FD58-4F32-B704-F1A85F967340}.Debug|x64.ActiveCfg = Debug|x64
		{0FEB6B9C-FD58-4F32-B704-F1A85F967340}.Debug|x64.Build.0 = Debug|x64
	EndGlobalSection
EndGlobal
